
Microsoft Visual Studio Solution File, Format Version 12.00
# Visual Studio Version 16
VisualStudioVersion = 16.0.30128.74
MinimumVisualStudioVersion = 10.0.40219.1
Project("{FAE04EC0-301F-11D3-BF4B-00C04F79EFBC}") = "TwitterBotDotNetScraperHelper", "TwitterBotDotNetScraperHelper.csproj", "{838CB313-A28A-40D9-8D0B-E42E57FB9A30}"
EndProject
Global
	GlobalSection(SolutionConfigurationPlatforms) = preSolution
		Debug|Any CPU = Debug|Any CPU
		Release|Any CPU = Release|Any CPU
	EndGlobalSection
	GlobalSection(ProjectConfigurationPlatforms) = postSolution
		{838CB313-A28A-40D9-8D0B-E42E57FB9A30}.Debug|Any CPU.ActiveCfg = Debug|Any CPU
		{838CB313-A28A-40D9-8D0B-E42E57FB9A30}.Debug|Any CPU.Build.0 = Debug|Any CPU
		{838CB313-A28A-40D9-8D0B-E42E57FB9A30}.Release|Any CPU.ActiveCfg = Release|Any CPU
		{838CB313-A28A-40D9-8D0B-E42E57FB9A30}.Release|Any CPU.Build.0 = Release|Any CPU
	EndGlobalSection
	GlobalSection(SolutionProperties) = preSolution
		HideSolutionNode = FALSE
	EndGlobalSection
	GlobalSection(ExtensibilityGlobals) = postSolution
		SolutionGuid = {DB471D4E-8E48-487A-AAAE-B4B5F3D9E527}
	EndGlobalSection
EndGlobal
